
Microsoft Visual Studio Solution File, Format Version 12.00
# Visual Studio Version 16
VisualStudioVersion = 16.0.30011.22
MinimumVisualStudioVersion = 10.0.40219.1
Project("{FAE04EC0-301F-11D3-BF4B-00C04F79EFBC}") = "Server", "Chat\Server.csproj", "{B1F22BA7-0358-444C-B420-39209A48E796}"
EndProject
Project("{FAE04EC0-301F-11D3-BF4B-00C04F79EFBC}") = "Client", "Client\Client.csproj", "{88C9B9DF-C77F-4343-B3B8-A2B1A265DA41}"
EndProject
Project("{FAE04EC0-301F-11D3-BF4B-00C04F79EFBC}") = "MessageInterface", "MessageInterface\MessageInterface.csproj", "{D07D6E5D-CCF5-4BB6-984E-259ADBC6D06F}"
EndProject
Global
	GlobalSection(SolutionConfigurationPlatforms) = preSolution
		Debug|Any CPU = Debug|Any CPU
		Release|Any CPU = Release|Any CPU
	EndGlobalSection
	GlobalSection(ProjectConfigurationPlatforms) = postSolution
		{B1F22BA7-0358-444C-B420-39209A48E796}.Debug|Any CPU.ActiveCfg = Debug|Any CPU
		{B1F22BA7-0358-444C-B420-39209A48E796}.Debug|Any CPU.Build.0 = Debug|Any CPU
		{B1F22BA7-0358-444C-B420-39209A48E796}.Release|Any CPU.ActiveCfg = Release|Any CPU
		{B1F22BA7-0358-444C-B420-39209A48E796}.Release|Any CPU.Build.0 = Release|Any CPU
		{88C9B9DF-C77F-4343-B3B8-A2B1A265DA41}.Debug|Any CPU.ActiveCfg = Debug|Any CPU
		{88C9B9DF-C77F-4343-B3B8-A2B1A265DA41}.Debug|Any CPU.Build.0 = Debug|Any CPU
		{88C9B9DF-C77F-4343-B3B8-A2B1A265DA41}.Release|Any CPU.ActiveCfg = Release|Any CPU
		{88C9B9DF-C77F-4343-B3B8-A2B1A265DA41}.Release|Any CPU.Build.0 = Release|Any CPU
		{D07D6E5D-CCF5-4BB6-984E-259ADBC6D06F}.Debug|Any CPU.ActiveCfg = Debug|Any CPU
		{D07D6E5D-CCF5-4BB6-984E-259ADBC6D06F}.Debug|Any CPU.Build.0 = Debug|Any CPU
		{D07D6E5D-CCF5-4BB6-984E-259ADBC6D06F}.Release|Any CPU.ActiveCfg = Release|Any CPU
		{D07D6E5D-CCF5-4BB6-984E-259ADBC6D06F}.Release|Any CPU.Build.0 = Release|Any CPU
	EndGlobalSection
	GlobalSection(SolutionProperties) = preSolution
		HideSolutionNode = FALSE
	EndGlobalSection
	GlobalSection(ExtensibilityGlobals) = postSolution
		SolutionGuid = {0698984D-57C3-400B-AC22-B614E5632B66}
	EndGlobalSection
EndGlobal
